{
  "name": "PickGear",
  "lockfileVersion": 3,
  "requires": true,
  "packages": {
    "": {
      "name": "PickGear",
      "dependencies": {
        "typescript-fsm": "^1.6.0"
      }
    },
    "node_modules/typescript-fsm": {
      "version": "1.6.0",
      "resolved": "https://registry.npmjs.org/typescript-fsm/-/typescript-fsm-1.6.0.tgz",
      "integrity": "sha512-wmDVbIZ/iyytlNOLdwyvLTdnArSZw48IwjbHuIcZo+DA2do27pOM+hZJsjPzcQ0ux/lzkZ1i1PPfP16GOGPYuQ==",
      "license": "Apache 2.0"
    }
  }
}
